// !$*UTF8*$!
{
	archiveVersion = 1;
	classes = {
	};
	objectVersion = 55;
	objects = {

/* Begin PBXBuildFile section */
		27116234288FD230005EF375 /* PracticeViewController.swift in Sources */ = {isa = PBXBuildFile; fileRef = 27116233288FD230005EF375 /* PracticeViewController.swift */; };
		27116236288FD4FA005EF375 /* CardView.swift in Sources */ = {isa = PBXBuildFile; fileRef = 27116235288FD4FA005EF375 /* CardView.swift */; };
		275A5EB3289264E100136A98 /* CardSeeder.swift in Sources */ = {isa = PBXBuildFile; fileRef = 275A5EB2289264E100136A98 /* CardSeeder.swift */; };
		277B8FCA288C19E2002DF2D8 /* AppDelegate.swift in Sources */ = {isa = PBXBuildFile; fileRef = 277B8FC9288C19E2002DF2D8 /* AppDelegate.swift */; };
		277B8FCE288C19E2002DF2D8 /* SubjectViewController.swift in Sources */ = {isa = PBXBuildFile; fileRef = 277B8FCD288C19E2002DF2D8 /* SubjectViewController.swift */; };
		277B8FD3288C19E6002DF2D8 /* Assets.xcassets in Resources */ = {isa = PBXBuildFile; fileRef = 277B8FD2288C19E6002DF2D8 /* Assets.xcassets */; };
		277B8FD6288C19E6002DF2D8 /* LaunchScreen.storyboard in Resources */ = {isa = PBXBuildFile; fileRef = 277B8FD4288C19E6002DF2D8 /* LaunchScreen.storyboard */; };
		277B8FE4288D264A002DF2D8 /* CardCollectionViewCell.swift in Sources */ = {isa = PBXBuildFile; fileRef = 277B8FE3288D264A002DF2D8 /* CardCollectionViewCell.swift */; };
		277B8FE7288E8254002DF2D8 /* UIHelper.swift in Sources */ = {isa = PBXBuildFile; fileRef = 277B8FE6288E8254002DF2D8 /* UIHelper.swift */; };
		27CFD74E2890DEE4005CE595 /* AFButton.swift in Sources */ = {isa = PBXBuildFile; fileRef = 27CFD74D2890DEE4005CE595 /* AFButton.swift */; };
		27CFD7502890E5A5005CE595 /* Constant.swift in Sources */ = {isa = PBXBuildFile; fileRef = 27CFD74F2890E5A5005CE595 /* Constant.swift */; };
		27CFD75328913174005CE595 /* Model.xcdatamodeld in Sources */ = {isa = PBXBuildFile; fileRef = 27CFD75128913174005CE595 /* Model.xcdatamodeld */; };
		27CFD76828923A7A005CE595 /* DeckCoreData+CoreDataClass.swift in Sources */ = {isa = PBXBuildFile; fileRef = 27CFD76428923A7A005CE595 /* DeckCoreData+CoreDataClass.swift */; };
		27CFD76A28923A7A005CE595 /* CardCoreData+CoreDataClass.swift in Sources */ = {isa = PBXBuildFile; fileRef = 27CFD76628923A7A005CE595 /* CardCoreData+CoreDataClass.swift */; };
/* End PBXBuildFile section */

/* Begin PBXFileReference section */
		27116233288FD230005EF375 /* PracticeViewController.swift */ = {isa = PBXFileReference; lastKnownFileType = sourcecode.swift; path = PracticeViewController.swift; sourceTree = "<group>"; };
		27116235288FD4FA005EF375 /* CardView.swift */ = {isa = PBXFileReference; lastKnownFileType = sourcecode.swift; path = CardView.swift; sourceTree = "<group>"; };
		275A5EB2289264E100136A98 /* CardSeeder.swift */ = {isa = PBXFileReference; lastKnownFileType = sourcecode.swift; path = CardSeeder.swift; sourceTree = "<group>"; };
		277B8FC6288C19E2002DF2D8 /* AcademyFlash.app */ = {isa = PBXFileReference; explicitFileType = wrapper.application; includeInIndex = 0; path = AcademyFlash.app; sourceTree = BUILT_PRODUCTS_DIR; };
		277B8FC9288C19E2002DF2D8 /* AppDelegate.swift */ = {isa = PBXFileReference; lastKnownFileType = sourcecode.swift; path = AppDelegate.swift; sourceTree = "<group>"; };
		277B8FCD288C19E2002DF2D8 /* SubjectViewController.swift */ = {isa = PBXFileReference; lastKnownFileType = sourcecode.swift; path = SubjectViewController.swift; sourceTree = "<group>"; };
		277B8FD2288C19E6002DF2D8 /* Assets.xcassets */ = {isa = PBXFileReference; lastKnownFileType = folder.assetcatalog; path = Assets.xcassets; sourceTree = "<group>"; };
		277B8FD5288C19E6002DF2D8 /* Base */ = {isa = PBXFileReference; lastKnownFileType = file.storyboard; name = Base; path = Base.lproj/LaunchScreen.storyboard; sourceTree = "<group>"; };
		277B8FD7288C19E6002DF2D8 /* Info.plist */ = {isa = PBXFileReference; lastKnownFileType = text.plist.xml; path = Info.plist; sourceTree = "<group>"; };
		277B8FE3288D264A002DF2D8 /* CardCollectionViewCell.swift */ = {isa = PBXFileReference; lastKnownFileType = sourcecode.swift; path = CardCollectionViewCell.swift; sourceTree = "<group>"; };
		277B8FE6288E8254002DF2D8 /* UIHelper.swift */ = {isa = PBXFileReference; lastKnownFileType = sourcecode.swift; path = UIHelper.swift; sourceTree = "<group>"; };
		27CFD74D2890DEE4005CE595 /* AFButton.swift */ = {isa = PBXFileReference; lastKnownFileType = sourcecode.swift; path = AFButton.swift; sourceTree = "<group>"; };
		27CFD74F2890E5A5005CE595 /* Constant.swift */ = {isa = PBXFileReference; lastKnownFileType = sourcecode.swift; path = Constant.swift; sourceTree = "<group>"; };
		27CFD75228913174005CE595 /* Model.xcdatamodel */ = {isa = PBXFileReference; lastKnownFileType = wrapper.xcdatamodel; path = Model.xcdatamodel; sourceTree = "<group>"; };
		27CFD76428923A7A005CE595 /* DeckCoreData+CoreDataClass.swift */ = {isa = PBXFileReference; lastKnownFileType = sourcecode.swift; path = "DeckCoreData+CoreDataClass.swift"; sourceTree = "<group>"; };
		27CFD76628923A7A005CE595 /* CardCoreData+CoreDataClass.swift */ = {isa = PBXFileReference; lastKnownFileType = sourcecode.swift; path = "CardCoreData+CoreDataClass.swift"; sourceTree = "<group>"; };
/* End PBXFileReference section */

/* Begin PBXFrameworksBuildPhase section */
		277B8FC3288C19E2002DF2D8 /* Frameworks */ = {
			isa = PBXFrameworksBuildPhase;
			buildActionMask = 2147483647;
			files = (
			);
			runOnlyForDeploymentPostprocessing = 0;
		};
/* End PBXFrameworksBuildPhase section */

/* Begin PBXGroup section */
		27116232288FD078005EF375 /* ViewControllers */ = {
			isa = PBXGroup;
			children = (
				277B8FCD288C19E2002DF2D8 /* SubjectViewController.swift */,
				27116233288FD230005EF375 /* PracticeViewController.swift */,
			);
			path = ViewControllers;
			sourceTree = "<group>";
		};
		277B8FBD288C19E2002DF2D8 = {
			isa = PBXGroup;
			children = (
				277B8FC8288C19E2002DF2D8 /* AcademyFlash */,
				277B8FC7288C19E2002DF2D8 /* Products */,
			);
			sourceTree = "<group>";
		};
		277B8FC7288C19E2002DF2D8 /* Products */ = {
			isa = PBXGroup;
			children = (
				277B8FC6288C19E2002DF2D8 /* AcademyFlash.app */,
			);
			name = Products;
			sourceTree = "<group>";
		};
		277B8FC8288C19E2002DF2D8 /* AcademyFlash */ = {
			isa = PBXGroup;
			children = (
				27116232288FD078005EF375 /* ViewControllers */,
				277B8FE5288E824A002DF2D8 /* Utilities */,
				277B8FE0288D25FB002DF2D8 /* Views */,
				277B8FDD288D1595002DF2D8 /* Models */,
				277B8FC9288C19E2002DF2D8 /* AppDelegate.swift */,
				277B8FD2288C19E6002DF2D8 /* Assets.xcassets */,
				277B8FD4288C19E6002DF2D8 /* LaunchScreen.storyboard */,
				277B8FD7288C19E6002DF2D8 /* Info.plist */,
			);
			path = AcademyFlash;
			sourceTree = "<group>";
		};
		277B8FDD288D1595002DF2D8 /* Models */ = {
			isa = PBXGroup;
			children = (
				275A5EB2289264E100136A98 /* CardSeeder.swift */,
				27CFD76628923A7A005CE595 /* CardCoreData+CoreDataClass.swift */,
				27CFD76428923A7A005CE595 /* DeckCoreData+CoreDataClass.swift */,
				27CFD75128913174005CE595 /* Model.xcdatamodeld */,
			);
			path = Models;
			sourceTree = "<group>";
		};
		277B8FE0288D25FB002DF2D8 /* Views */ = {
			isa = PBXGroup;
			children = (
				27CFD74C2890DE40005CE595 /* Buttons */,
				277B8FE2288D2633002DF2D8 /* Cells */,
				27116235288FD4FA005EF375 /* CardView.swift */,
			);
			path = Views;
			sourceTree = "<group>";
		};
		277B8FE2288D2633002DF2D8 /* Cells */ = {
			isa = PBXGroup;
			children = (
				277B8FE3288D264A002DF2D8 /* CardCollectionViewCell.swift */,
			);
			path = Cells;
			sourceTree = "<group>";
		};
		277B8FE5288E824A002DF2D8 /* Utilities */ = {
			isa = PBXGroup;
			children = (
				277B8FE6288E8254002DF2D8 /* UIHelper.swift */,
				27CFD74F2890E5A5005CE595 /* Constant.swift */,
			);
			path = Utilities;
			sourceTree = "<group>";
		};
		27CFD74C2890DE40005CE595 /* Buttons */ = {
			isa = PBXGroup;
			children = (
				27CFD74D2890DEE4005CE595 /* AFButton.swift */,
			);
			path = Buttons;
			sourceTree = "<group>";
		};
/* End PBXGroup section */

/* Begin PBXNativeTarget section */
		277B8FC5288C19E2002DF2D8 /* AcademyFlash */ = {
			isa = PBXNativeTarget;
			buildConfigurationList = 277B8FDA288C19E6002DF2D8 /* Build configuration list for PBXNativeTarget "AcademyFlash" */;
			buildPhases = (
				277B8FC2288C19E2002DF2D8 /* Sources */,
				277B8FC3288C19E2002DF2D8 /* Frameworks */,
				277B8FC4288C19E2002DF2D8 /* Resources */,
			);
			buildRules = (
			);
			dependencies = (
			);
			name = AcademyFlash;
			productName = AcademyFlash;
			productReference = 277B8FC6288C19E2002DF2D8 /* AcademyFlash.app */;
			productType = "com.apple.product-type.application";
		};
/* End PBXNativeTarget section */

/* Begin PBXProject section */
		277B8FBE288C19E2002DF2D8 /* Project object */ = {
			isa = PBXProject;
			attributes = {
				BuildIndependentTargetsInParallel = 1;
				LastSwiftUpdateCheck = 1340;
				LastUpgradeCheck = 1340;
				TargetAttributes = {
					277B8FC5288C19E2002DF2D8 = {
						CreatedOnToolsVersion = 13.4.1;
					};
				};
			};
			buildConfigurationList = 277B8FC1288C19E2002DF2D8 /* Build configuration list for PBXProject "AcademyFlash" */;
			compatibilityVersion = "Xcode 13.0";
			developmentRegion = en;
			hasScannedForEncodings = 0;
			knownRegions = (
				en,
				Base,
			);
			mainGroup = 277B8FBD288C19E2002DF2D8;
			productRefGroup = 277B8FC7288C19E2002DF2D8 /* Products */;
			projectDirPath = "";
			projectRoot = "";
			targets = (
				277B8FC5288C19E2002DF2D8 /* AcademyFlash */,
			);
		};
/* End PBXProject section */

/* Begin PBXResourcesBuildPhase section */
		277B8FC4288C19E2002DF2D8 /* Resources */ = {
			isa = PBXResourcesBuildPhase;
			buildActionMask = 2147483647;
			files = (
				277B8FD6288C19E6002DF2D8 /* LaunchScreen.storyboard in Resources */,
				277B8FD3288C19E6002DF2D8 /* Assets.xcassets in Resources */,
			);
			runOnlyForDeploymentPostprocessing = 0;
		};
/* End PBXResourcesBuildPhase section */

/* Begin PBXSourcesBuildPhase section */
		277B8FC2288C19E2002DF2D8 /* Sources */ = {
			isa = PBXSourcesBuildPhase;
			buildActionMask = 2147483647;
			files = (
				27CFD74E2890DEE4005CE595 /* AFButton.swift in Sources */,
				27CFD76828923A7A005CE595 /* DeckCoreData+CoreDataClass.swift in Sources */,
				277B8FE4288D264A002DF2D8 /* CardCollectionViewCell.swift in Sources */,
				27116234288FD230005EF375 /* PracticeViewController.swift in Sources */,
				277B8FCE288C19E2002DF2D8 /* SubjectViewController.swift in Sources */,
				275A5EB3289264E100136A98 /* CardSeeder.swift in Sources */,
				277B8FE7288E8254002DF2D8 /* UIHelper.swift in Sources */,
				27CFD7502890E5A5005CE595 /* Constant.swift in Sources */,
				27CFD76A28923A7A005CE595 /* CardCoreData+CoreDataClass.swift in Sources */,
				27116236288FD4FA005EF375 /* CardView.swift in Sources */,
				27CFD75328913174005CE595 /* Model.xcdatamodeld in Sources */,
				277B8FCA288C19E2002DF2D8 /* AppDelegate.swift in Sources */,
			);
			runOnlyForDeploymentPostprocessing = 0;
		};
/* End PBXSourcesBuildPhase section */

/* Begin PBXVariantGroup section */
		277B8FD4288C19E6002DF2D8 /* LaunchScreen.storyboard */ = {
			isa = PBXVariantGroup;
			children = (
				277B8FD5288C19E6002DF2D8 /* Base */,
			);
			name = LaunchScreen.storyboard;
			sourceTree = "<group>";
		};
/* End PBXVariantGroup section */

/* Begin XCBuildConfiguration section */
		277B8FD8288C19E6002DF2D8 /* Debug */ = {
			isa = XCBuildConfiguration;
			buildSettings = {
				ALWAYS_SEARCH_USER_PATHS = NO;
				CLANG_ANALYZER_NONNULL = YES;
				CLANG_ANALYZER_NUMBER_OBJECT_CONVERSION = YES_AGGRESSIVE;
				CLANG_CXX_LANGUAGE_STANDARD = "gnu++17";
				CLANG_ENABLE_MODULES = YES;
				CLANG_ENABLE_OBJC_ARC = YES;
				CLANG_ENABLE_OBJC_WEAK = YES;
				CLANG_WARN_BLOCK_CAPTURE_AUTORELEASING = YES;
				CLANG_WARN_BOOL_CONVERSION = YES;
				CLANG_WARN_COMMA = YES;
				CLANG_WARN_CONSTANT_CONVERSION = YES;
				CLANG_WARN_DEPRECATED_OBJC_IMPLEMENTATIONS = YES;
				CLANG_WARN_DIRECT_OBJC_ISA_USAGE = YES_ERROR;
				CLANG_WARN_DOCUMENTATION_COMMENTS = YES;
				CLANG_WARN_EMPTY_BODY = YES;
				CLANG_WARN_ENUM_CONVERSION = YES;
				CLANG_WARN_INFINITE_RECURSION = YES;
				CLANG_WARN_INT_CONVERSION = YES;
				CLANG_WARN_NON_LITERAL_NULL_CONVERSION = YES;
				CLANG_WARN_OBJC_IMPLICIT_RETAIN_SELF = YES;
				CLANG_WARN_OBJC_LITERAL_CONVERSION = YES;
				CLANG_WARN_OBJC_ROOT_CLASS = YES_ERROR;
				CLANG_WARN_QUOTED_INCLUDE_IN_FRAMEWORK_HEADER = YES;
				CLANG_WARN_RANGE_LOOP_ANALYSIS = YES;
				CLANG_WARN_STRICT_PROTOTYPES = YES;
				CLANG_WARN_SUSPICIOUS_MOVE = YES;
				CLANG_WARN_UNGUARDED_AVAILABILITY = YES_AGGRESSIVE;
				CLANG_WARN_UNREACHABLE_CODE = YES;
				CLANG_WARN__DUPLICATE_METHOD_MATCH = YES;
				COPY_PHASE_STRIP = NO;
				DEBUG_INFORMATION_FORMAT = dwarf;
				ENABLE_STRICT_OBJC_MSGSEND = YES;
				ENABLE_TESTABILITY = YES;
				GCC_C_LANGUAGE_STANDARD = gnu11;
				GCC_DYNAMIC_NO_PIC = NO;
				GCC_NO_COMMON_BLOCKS = YES;
				GCC_OPTIMIZATION_LEVEL = 0;
				GCC_PREPROCESSOR_DEFINITIONS = (
					"DEBUG=1",
					"$(inherited)",
				);
				GCC_WARN_64_TO_32_BIT_CONVERSION = YES;
				GCC_WARN_ABOUT_RETURN_TYPE = YES_ERROR;
				GCC_WARN_UNDECLARED_SELECTOR = YES;
				GCC_WARN_UNINITIALIZED_AUTOS = YES_AGGRESSIVE;
				GCC_WARN_UNUSED_FUNCTION = YES;
				GCC_WARN_UNUSED_VARIABLE = YES;
				IPHONEOS_DEPLOYMENT_TARGET = 15.5;
				MTL_ENABLE_DEBUG_INFO = INCLUDE_SOURCE;
				MTL_FAST_MATH = YES;
				ONLY_ACTIVE_ARCH = YES;
				SDKROOT = iphoneos;
				SWIFT_ACTIVE_COMPILATION_CONDITIONS = DEBUG;
				SWIFT_OPTIMIZATION_LEVEL = "-Onone";
			};
			name = Debug;
		};
		277B8FD9288C19E6002DF2D8 /* Release */ = {
			isa = XCBuildConfiguration;
			buildSettings = {
				ALWAYS_SEARCH_USER_PATHS = NO;
				CLANG_ANALYZER_NONNULL = YES;
				CLANG_ANALYZER_NUMBER_OBJECT_CONVERSION = YES_AGGRESSIVE;
				CLANG_CXX_LANGUAGE_STANDARD = "gnu++17";
				CLANG_ENABLE_MODULES = YES;
				CLANG_ENABLE_OBJC_ARC = YES;
				CLANG_ENABLE_OBJC_WEAK = YES;
				CLANG_WARN_BLOCK_CAPTURE_AUTORELEASING = YES;
				CLANG_WARN_BOOL_CONVERSION = YES;
				CLANG_WARN_COMMA = YES;
				CLANG_WARN_CONSTANT_CONVERSION = YES;
				CLANG_WARN_DEPRECATED_OBJC_IMPLEMENTATIONS = YES;
				CLANG_WARN_DIRECT_OBJC_ISA_USAGE = YES_ERROR;
				CLANG_WARN_DOCUMENTATION_COMMENTS = YES;
				CLANG_WARN_EMPTY_BODY = YES;
				CLANG_WARN_ENUM_CONVERSION = YES;
				CLANG_WARN_INFINITE_RECURSION = YES;
				CLANG_WARN_INT_CONVERSION = YES;
				CLANG_WARN_NON_LITERAL_NULL_CONVERSION = YES;
				CLANG_WARN_OBJC_IMPLICIT_RETAIN_SELF = YES;
				CLANG_WARN_OBJC_LITERAL_CONVERSION = YES;
				CLANG_WARN_OBJC_ROOT_CLASS = YES_ERROR;
				CLANG_WARN_QUOTED_INCLUDE_IN_FRAMEWORK_HEADER = YES;
				CLANG_WARN_RANGE_LOOP_ANALYSIS = YES;
				CLANG_WARN_STRICT_PROTOTYPES = YES;
				CLANG_WARN_SUSPICIOUS_MOVE = YES;
				CLANG_WARN_UNGUARDED_AVAILABILITY = YES_AGGRESSIVE;
				CLANG_WARN_UNREACHABLE_CODE = YES;
				CLANG_WARN__DUPLICATE_METHOD_MATCH = YES;
				COPY_PHASE_STRIP = NO;
				DEBUG_INFORMATION_FORMAT = "dwarf-with-dsym";
				ENABLE_NS_ASSERTIONS = NO;
				ENABLE_STRICT_OBJC_MSGSEND = YES;
				GCC_C_LANGUAGE_STANDARD = gnu11;
				GCC_NO_COMMON_BLOCKS = YES;
				GCC_WARN_64_TO_32_BIT_CONVERSION = YES;
				GCC_WARN_ABOUT_RETURN_TYPE = YES_ERROR;
				GCC_WARN_UNDECLARED_SELECTOR = YES;
				GCC_WARN_UNINITIALIZED_AUTOS = YES_AGGRESSIVE;
				GCC_WARN_UNUSED_FUNCTION = YES;
				GCC_WARN_UNUSED_VARIABLE = YES;
				IPHONEOS_DEPLOYMENT_TARGET = 15.5;
				MTL_ENABLE_DEBUG_INFO = NO;
				MTL_FAST_MATH = YES;
				SDKROOT = iphoneos;
				SWIFT_COMPILATION_MODE = wholemodule;
				SWIFT_OPTIMIZATION_LEVEL = "-O";
				VALIDATE_PRODUCT = YES;
			};
			name = Release;
		};
		277B8FDB288C19E6002DF2D8 /* Debug */ = {
			isa = XCBuildConfiguration;
			buildSettings = {
				ASSETCATALOG_COMPILER_APPICON_NAME = AppIcon;
				ASSETCATALOG_COMPILER_GLOBAL_ACCENT_COLOR_NAME = AccentColor;
				CODE_SIGN_STYLE = Automatic;
				CURRENT_PROJECT_VERSION = 1;
				DEVELOPMENT_TEAM = YSG9AW6NGQ;
				GENERATE_INFOPLIST_FILE = YES;
				INFOPLIST_FILE = AcademyFlash/Info.plist;
				INFOPLIST_KEY_UIApplicationSupportsIndirectInputEvents = YES;
				INFOPLIST_KEY_UILaunchStoryboardName = LaunchScreen;
				INFOPLIST_KEY_UISupportedInterfaceOrientations_iPad = "UIInterfaceOrientationPortrait UIInterfaceOrientationPortraitUpsideDown UIInterfaceOrientationLandscapeLeft UIInterfaceOrientationLandscapeRight";
				INFOPLIST_KEY_UISupportedInterfaceOrientations_iPhone = "UIInterfaceOrientationPortrait UIInterfaceOrientationLandscapeLeft UIInterfaceOrientationLandscapeRight";
				LD_RUNPATH_SEARCH_PATHS = (
					"$(inherited)",
					"@executable_path/Frameworks",
				);
				MARKETING_VERSION = 1.0;
				PRODUCT_BUNDLE_IDENTIFIER = com.perklone.AcademyFlash;
				PRODUCT_NAME = "$(TARGET_NAME)";
				SWIFT_EMIT_LOC_STRINGS = YES;
				SWIFT_VERSION = 5.0;
				TARGETED_DEVICE_FAMILY = 1;
			};
			name = Debug;
		};
		277B8FDC288C19E6002DF2D8 /* Release */ = {
			isa = XCBuildConfiguration;
			buildSettings = {
				ASSETCATALOG_COMPILER_APPICON_NAME = AppIcon;
				ASSETCATALOG_COMPILER_GLOBAL_ACCENT_COLOR_NAME = AccentColor;
				CODE_SIGN_STYLE = Automatic;
				CURRENT_PROJECT_VERSION = 1;
				DEVELOPMENT_TEAM = YSG9AW6NGQ;
				GENERATE_INFOPLIST_FILE = YES;
				INFOPLIST_FILE = AcademyFlash/Info.plist;
				INFOPLIST_KEY_UIApplicationSupportsIndirectInputEvents = YES;
				INFOPLIST_KEY_UILaunchStoryboardName = LaunchScreen;
				INFOPLIST_KEY_UISupportedInterfaceOrientations_iPad = "UIInterfaceOrientationPortrait UIInterfaceOrientationPortraitUpsideDown UIInterfaceOrientationLandscapeLeft UIInterfaceOrientationLandscapeRight";
				INFOPLIST_KEY_UISupportedInterfaceOrientations_iPhone = "UIInterfaceOrientationPortrait UIInterfaceOrientationLandscapeLeft UIInterfaceOrientationLandscapeRight";
				LD_RUNPATH_SEARCH_PATHS = (
					"$(inherited)",
					"@executable_path/Frameworks",
				);
				MARKETING_VERSION = 1.0;
				PRODUCT_BUNDLE_IDENTIFIER = com.perklone.AcademyFlash;
				PRODUCT_NAME = "$(TARGET_NAME)";
				SWIFT_EMIT_LOC_STRINGS = YES;
				SWIFT_VERSION = 5.0;
				TARGETED_DEVICE_FAMILY = 1;
			};
			name = Release;
		};
/* End XCBuildConfiguration section */

/* Begin XCConfigurationList section */
		277B8FC1288C19E2002DF2D8 /* Build configuration list for PBXProject "AcademyFlash" */ = {
			isa = XCConfigurationList;
			buildConfigurations = (
				277B8FD8288C19E6002DF2D8 /* Debug */,
				277B8FD9288C19E6002DF2D8 /* Release */,
			);
			defaultConfigurationIsVisible = 0;
			defaultConfigurationName = Release;
		};
		277B8FDA288C19E6002DF2D8 /* Build configuration list for PBXNativeTarget "AcademyFlash" */ = {
			isa = XCConfigurationList;
			buildConfigurations = (
				277B8FDB288C19E6002DF2D8 /* Debug */,
				277B8FDC288C19E6002DF2D8 /* Release */,
			);
			defaultConfigurationIsVisible = 0;
			defaultConfigurationName = Release;
		};
/* End XCConfigurationList section */

/* Begin XCVersionGroup section */
		27CFD75128913174005CE595 /* Model.xcdatamodeld */ = {
			isa = XCVersionGroup;
			children = (
				27CFD75228913174005CE595 /* Model.xcdatamodel */,
			);
			currentVersion = 27CFD75228913174005CE595 /* Model.xcdatamodel */;
			path = Model.xcdatamodeld;
			sourceTree = "<group>";
			versionGroupType = wrapper.xcdatamodel;
		};
/* End XCVersionGroup section */
	};
	rootObject = 277B8FBE288C19E2002DF2D8 /* Project object */;
}
